
Microsoft Visual Studio Solution File, Format Version 12.00
Project("{FAE04EC0-301F-11D3-BF4B-00C04F79EFBC}") = "Game.Core", "Game.Core\Game.Core.csproj", "{12A1104F-1B8C-4B46-85AE-723EA7B717B6}"
EndProject
Project("{FAE04EC0-301F-11D3-BF4B-00C04F79EFBC}") = "Game.Console", "Game.Console\Game.Console.csproj", "{EDADD56E-965D-40FE-8D30-84DF9188E228}"
EndProject
Project("{FAE04EC0-301F-11D3-BF4B-00C04F79EFBC}") = "Game.Domain", "Game.Domain\Game.Domain.csproj", "{4DC936F1-2FBC-46AD-8539-C7380A0B8276}"
EndProject
Project("{FAE04EC0-301F-11D3-BF4B-00C04F79EFBC}") = "Game.Persistence", "Game.Persistence\Game.Persistence.csproj", "{739C684D-B7AC-4973-A32A-1D2C36ADC117}"
EndProject
Global
	GlobalSection(SolutionConfigurationPlatforms) = preSolution
		Debug|Any CPU = Debug|Any CPU
		Release|Any CPU = Release|Any CPU
	EndGlobalSection
	GlobalSection(ProjectConfigurationPlatforms) = postSolution
		{12A1104F-1B8C-4B46-85AE-723EA7B717B6}.Debug|Any CPU.ActiveCfg = Debug|Any CPU
		{12A1104F-1B8C-4B46-85AE-723EA7B717B6}.Debug|Any CPU.Build.0 = Debug|Any CPU
		{12A1104F-1B8C-4B46-85AE-723EA7B717B6}.Release|Any CPU.ActiveCfg = Release|Any CPU
		{12A1104F-1B8C-4B46-85AE-723EA7B717B6}.Release|Any CPU.Build.0 = Release|Any CPU
		{EDADD56E-965D-40FE-8D30-84DF9188E228}.Debug|Any CPU.ActiveCfg = Debug|Any CPU
		{EDADD56E-965D-40FE-8D30-84DF9188E228}.Debug|Any CPU.Build.0 = Debug|Any CPU
		{EDADD56E-965D-40FE-8D30-84DF9188E228}.Release|Any CPU.ActiveCfg = Release|Any CPU
		{EDADD56E-965D-40FE-8D30-84DF9188E228}.Release|Any CPU.Build.0 = Release|Any CPU
		{739C684D-B7AC-4973-A32A-1D2C36ADC117}.Debug|Any CPU.ActiveCfg = Debug|Any CPU
        {739C684D-B7AC-4973-A32A-1D2C36ADC117}.Debug|Any CPU.Build.0 = Debug|Any CPU
        {739C684D-B7AC-4973-A32A-1D2C36ADC117}.Release|Any CPU.ActiveCfg = Release|Any CPU
        {739C684D-B7AC-4973-A32A-1D2C36ADC117}.Release|Any CPU.Build.0 = Release|Any CPU
	EndGlobalSection
EndGlobal
